
Microsoft Visual Studio Solution File, Format Version 12.00
# Visual Studio 2012
Project("{8BC9CEB8-8B4A-11D0-8D11-00A0C91BC942}") = "map_render_agg", "configs\vs2012\map_render_agg.vcxproj", "{02DF060C-7992-478F-8962-1DC76FDEA56E}"
EndProject
Global
	GlobalSection(SolutionConfigurationPlatforms) = preSolution
		Debug|Win32 = Debug|Win32
		Release|Win32 = Release|Win32
	EndGlobalSection
	GlobalSection(ProjectConfigurationPlatforms) = postSolution
		{02DF060C-7992-478F-8962-1DC76FDEA56E}.Debug|Win32.ActiveCfg = Debug|Win32
		{02DF060C-7992-478F-8962-1DC76FDEA56E}.Debug|Win32.Build.0 = Debug|Win32
		{02DF060C-7992-478F-8962-1DC76FDEA56E}.Release|Win32.ActiveCfg = Release|Win32
		{02DF060C-7992-478F-8962-1DC76FDEA56E}.Release|Win32.Build.0 = Release|Win32
	EndGlobalSection
	GlobalSection(SolutionProperties) = preSolution
		HideSolutionNode = FALSE
	EndGlobalSection
EndGlobal
