
Microsoft Visual Studio Solution File, Format Version 10.00
# Visual Studio 2008
Project("{8BC9CEB8-8B4A-11D0-8D11-00A0C91BC942}") = "sqlite3_test", "configs\vs2008\sqlite3_test.vcproj", "{BAC28DB2-F6B0-4E0E-B677-8BCD24EBE58D}"
EndProject
Project("{8BC9CEB8-8B4A-11D0-8D11-00A0C91BC942}") = "agg-2.5", "..\..\open_projs\agg-2.5\config\agg-2.5.vcproj", "{D047F94E-C36F-45CB-BC09-0A611A25FAFB}"
EndProject
Project("{8BC9CEB8-8B4A-11D0-8D11-00A0C91BC942}") = "map_render_agg", "configs\vs2008\map_render_agg.vcproj", "{508974A5-21A0-4ABF-8C1D-A16DFFC5C26A}"
EndProject
Project("{8BC9CEB8-8B4A-11D0-8D11-00A0C91BC942}") = "mysql_test", "configs\vs2008\mysql_test.vcproj", "{3B4DDFF5-66B4-4E7B-98F3-ADF8FD077F7D}"
EndProject
Project("{8BC9CEB8-8B4A-11D0-8D11-00A0C91BC942}") = "bd_map", "configs\vs2008\bd_map.vcproj", "{56966C00-DF3F-4027-B87F-1375959B25F4}"
EndProject
Project("{8BC9CEB8-8B4A-11D0-8D11-00A0C91BC942}") = "glog_test", "configs\vs2008\glog_test.vcproj", "{4CF37E66-1684-4A58-AEEB-5D2F023FD0C5}"
EndProject
Project("{8BC9CEB8-8B4A-11D0-8D11-00A0C91BC942}") = "cq_log", "configs\vs2008\cq_log.vcproj", "{F219CE93-A929-41D0-890C-43295DFAD615}"
EndProject
Project("{8BC9CEB8-8B4A-11D0-8D11-00A0C91BC942}") = "read_copy_update", "configs\vs2008\rcu.vcproj", "{4D7A9236-0E7E-4BDF-8E51-89BFDDB679F6}"
EndProject
Project("{8BC9CEB8-8B4A-11D0-8D11-00A0C91BC942}") = "gtk_demon", "configs\vs2008\gtk_demon.vcproj", "{BAA32324-ECAC-4C63-89FA-E9DAEFC70785}"
EndProject
Global
	GlobalSection(SolutionConfigurationPlatforms) = preSolution
		Debug|Win32 = Debug|Win32
		Debug|x64 = Debug|x64
		Release|Win32 = Release|Win32
		Release|x64 = Release|x64
	EndGlobalSection
	GlobalSection(ProjectConfigurationPlatforms) = postSolution
		{BAC28DB2-F6B0-4E0E-B677-8BCD24EBE58D}.Debug|Win32.ActiveCfg = Debug|Win32
		{BAC28DB2-F6B0-4E0E-B677-8BCD24EBE58D}.Debug|Win32.Build.0 = Debug|Win32
		{BAC28DB2-F6B0-4E0E-B677-8BCD24EBE58D}.Debug|x64.ActiveCfg = Debug|Win32
		{BAC28DB2-F6B0-4E0E-B677-8BCD24EBE58D}.Release|Win32.ActiveCfg = Release|Win32
		{BAC28DB2-F6B0-4E0E-B677-8BCD24EBE58D}.Release|Win32.Build.0 = Release|Win32
		{BAC28DB2-F6B0-4E0E-B677-8BCD24EBE58D}.Release|x64.ActiveCfg = Release|Win32
		{D047F94E-C36F-45CB-BC09-0A611A25FAFB}.Debug|Win32.ActiveCfg = Debug|Win32
		{D047F94E-C36F-45CB-BC09-0A611A25FAFB}.Debug|Win32.Build.0 = Debug|Win32
		{D047F94E-C36F-45CB-BC09-0A611A25FAFB}.Debug|x64.ActiveCfg = Debug|Win32
		{D047F94E-C36F-45CB-BC09-0A611A25FAFB}.Release|Win32.ActiveCfg = Release|Win32
		{D047F94E-C36F-45CB-BC09-0A611A25FAFB}.Release|Win32.Build.0 = Release|Win32
		{D047F94E-C36F-45CB-BC09-0A611A25FAFB}.Release|x64.ActiveCfg = Release|Win32
		{508974A5-21A0-4ABF-8C1D-A16DFFC5C26A}.Debug|Win32.ActiveCfg = Release|Win32
		{508974A5-21A0-4ABF-8C1D-A16DFFC5C26A}.Debug|Win32.Build.0 = Release|Win32
		{508974A5-21A0-4ABF-8C1D-A16DFFC5C26A}.Debug|x64.ActiveCfg = Release|Win32
		{508974A5-21A0-4ABF-8C1D-A16DFFC5C26A}.Release|Win32.ActiveCfg = Release|Win32
		{508974A5-21A0-4ABF-8C1D-A16DFFC5C26A}.Release|Win32.Build.0 = Release|Win32
		{508974A5-21A0-4ABF-8C1D-A16DFFC5C26A}.Release|x64.ActiveCfg = Release|Win32
		{3B4DDFF5-66B4-4E7B-98F3-ADF8FD077F7D}.Debug|Win32.ActiveCfg = Debug|Win32
		{3B4DDFF5-66B4-4E7B-98F3-ADF8FD077F7D}.Debug|Win32.Build.0 = Debug|Win32
		{3B4DDFF5-66B4-4E7B-98F3-ADF8FD077F7D}.Debug|x64.ActiveCfg = Debug|Win32
		{3B4DDFF5-66B4-4E7B-98F3-ADF8FD077F7D}.Release|Win32.ActiveCfg = Release|Win32
		{3B4DDFF5-66B4-4E7B-98F3-ADF8FD077F7D}.Release|Win32.Build.0 = Release|Win32
		{3B4DDFF5-66B4-4E7B-98F3-ADF8FD077F7D}.Release|x64.ActiveCfg = Release|Win32
		{56966C00-DF3F-4027-B87F-1375959B25F4}.Debug|Win32.ActiveCfg = Release|x64
		{56966C00-DF3F-4027-B87F-1375959B25F4}.Debug|x64.ActiveCfg = Release|x64
		{56966C00-DF3F-4027-B87F-1375959B25F4}.Debug|x64.Build.0 = Release|x64
		{56966C00-DF3F-4027-B87F-1375959B25F4}.Release|Win32.ActiveCfg = Release|Win32
		{56966C00-DF3F-4027-B87F-1375959B25F4}.Release|Win32.Build.0 = Release|Win32
		{56966C00-DF3F-4027-B87F-1375959B25F4}.Release|x64.ActiveCfg = Release|x64
		{56966C00-DF3F-4027-B87F-1375959B25F4}.Release|x64.Build.0 = Release|x64
		{4CF37E66-1684-4A58-AEEB-5D2F023FD0C5}.Debug|Win32.ActiveCfg = Debug|Win32
		{4CF37E66-1684-4A58-AEEB-5D2F023FD0C5}.Debug|Win32.Build.0 = Debug|Win32
		{4CF37E66-1684-4A58-AEEB-5D2F023FD0C5}.Debug|x64.ActiveCfg = Debug|Win32
		{4CF37E66-1684-4A58-AEEB-5D2F023FD0C5}.Release|Win32.ActiveCfg = Release|Win32
		{4CF37E66-1684-4A58-AEEB-5D2F023FD0C5}.Release|Win32.Build.0 = Release|Win32
		{4CF37E66-1684-4A58-AEEB-5D2F023FD0C5}.Release|x64.ActiveCfg = Release|Win32
		{F219CE93-A929-41D0-890C-43295DFAD615}.Debug|Win32.ActiveCfg = Debug|Win32
		{F219CE93-A929-41D0-890C-43295DFAD615}.Debug|Win32.Build.0 = Debug|Win32
		{F219CE93-A929-41D0-890C-43295DFAD615}.Debug|x64.ActiveCfg = Debug|Win32
		{F219CE93-A929-41D0-890C-43295DFAD615}.Release|Win32.ActiveCfg = Release|Win32
		{F219CE93-A929-41D0-890C-43295DFAD615}.Release|Win32.Build.0 = Release|Win32
		{F219CE93-A929-41D0-890C-43295DFAD615}.Release|x64.ActiveCfg = Release|Win32
		{4D7A9236-0E7E-4BDF-8E51-89BFDDB679F6}.Debug|Win32.ActiveCfg = Debug|Win32
		{4D7A9236-0E7E-4BDF-8E51-89BFDDB679F6}.Debug|Win32.Build.0 = Debug|Win32
		{4D7A9236-0E7E-4BDF-8E51-89BFDDB679F6}.Debug|x64.ActiveCfg = Debug|Win32
		{4D7A9236-0E7E-4BDF-8E51-89BFDDB679F6}.Release|Win32.ActiveCfg = Release|Win32
		{4D7A9236-0E7E-4BDF-8E51-89BFDDB679F6}.Release|Win32.Build.0 = Release|Win32
		{4D7A9236-0E7E-4BDF-8E51-89BFDDB679F6}.Release|x64.ActiveCfg = Release|Win32
		{BAA32324-ECAC-4C63-89FA-E9DAEFC70785}.Debug|Win32.ActiveCfg = Debug|Win32
		{BAA32324-ECAC-4C63-89FA-E9DAEFC70785}.Debug|Win32.Build.0 = Debug|Win32
		{BAA32324-ECAC-4C63-89FA-E9DAEFC70785}.Debug|x64.ActiveCfg = Debug|Win32
		{BAA32324-ECAC-4C63-89FA-E9DAEFC70785}.Release|Win32.ActiveCfg = Release|Win32
		{BAA32324-ECAC-4C63-89FA-E9DAEFC70785}.Release|Win32.Build.0 = Release|Win32
		{BAA32324-ECAC-4C63-89FA-E9DAEFC70785}.Release|x64.ActiveCfg = Release|x64
	EndGlobalSection
	GlobalSection(SolutionProperties) = preSolution
		HideSolutionNode = FALSE
	EndGlobalSection
EndGlobal
